
Microsoft Visual Studio Solution File, Format Version 12.00
# Visual Studio Version 17
VisualStudioVersion = 17.0.32126.317
MinimumVisualStudioVersion = 10.0.40219.1
Project("{FAE04EC0-301F-11D3-BF4B-00C04F79EFBC}") = "BaseDeDatos", "BaseDeDatos.csproj", "{0ED1DE57-044D-4E8A-AD41-A601AB4EB3DD}"
EndProject
Global
	GlobalSection(SolutionConfigurationPlatforms) = preSolution
		Debug|Any CPU = Debug|Any CPU
		Release|Any CPU = Release|Any CPU
	EndGlobalSection
	GlobalSection(ProjectConfigurationPlatforms) = postSolution
		{0ED1DE57-044D-4E8A-AD41-A601AB4EB3DD}.Debug|Any CPU.ActiveCfg = Debug|Any CPU
		{0ED1DE57-044D-4E8A-AD41-A601AB4EB3DD}.Debug|Any CPU.Build.0 = Debug|Any CPU
		{0ED1DE57-044D-4E8A-AD41-A601AB4EB3DD}.Release|Any CPU.ActiveCfg = Release|Any CPU
		{0ED1DE57-044D-4E8A-AD41-A601AB4EB3DD}.Release|Any CPU.Build.0 = Release|Any CPU
	EndGlobalSection
	GlobalSection(SolutionProperties) = preSolution
		HideSolutionNode = FALSE
	EndGlobalSection
	GlobalSection(ExtensibilityGlobals) = postSolution
		SolutionGuid = {C052A718-E83B-45E1-A912-FDACFA02E7F3}
	EndGlobalSection
EndGlobal
